// !$*UTF8*$!
{
	archiveVersion = 1;
	classes = {
	};
	objectVersion = 48;
	objects = {

/* Begin PBXBuildFile section */
		004368D6C044C4CC38FF195D /* Pods_PasswordVaultUITests.framework in Frameworks */ = {isa = PBXBuildFile; fileRef = A571D4FA530494217C3790B6 /* Pods_PasswordVaultUITests.framework */; };
		A10CFD171EA890FE006EFDB6 /* Kdbx3.swift in Sources */ = {isa = PBXBuildFile; fileRef = A10CFD121EA890FE006EFDB6 /* Kdbx3.swift */; };
		A10CFD181EA890FE006EFDB6 /* Kdbx3Header.swift in Sources */ = {isa = PBXBuildFile; fileRef = A10CFD131EA890FE006EFDB6 /* Kdbx3Header.swift */; };
		A10CFD1E1EA89115006EFDB6 /* DataStream.swift in Sources */ = {isa = PBXBuildFile; fileRef = A10CFD1C1EA89115006EFDB6 /* DataStream.swift */; };
		A115AADC1EAC6E85006F2675 /* KdbxCrypto.swift in Sources */ = {isa = PBXBuildFile; fileRef = A115AADB1EAC6E85006F2675 /* KdbxCrypto.swift */; };
		A12723DF1EB1B9D000247C85 /* IconPickerCollectionViewCell.swift in Sources */ = {isa = PBXBuildFile; fileRef = A12723DE1EB1B9D000247C85 /* IconPickerCollectionViewCell.swift */; };
		A14F90D91EF97A3300079DAE /* SplashViewController.swift in Sources */ = {isa = PBXBuildFile; fileRef = A14F90D81EF97A3300079DAE /* SplashViewController.swift */; };
		A1525FD71EA7387700B580A7 /* AppDelegate.swift in Sources */ = {isa = PBXBuildFile; fileRef = A1525FD61EA7387700B580A7 /* AppDelegate.swift */; };
		A1525FDE1EA7387700B580A7 /* Assets.xcassets in Resources */ = {isa = PBXBuildFile; fileRef = A1525FDD1EA7387700B580A7 /* Assets.xcassets */; };
		A1525FE11EA7387700B580A7 /* LaunchScreen.storyboard in Resources */ = {isa = PBXBuildFile; fileRef = A1525FDF1EA7387700B580A7 /* LaunchScreen.storyboard */; };
		A1525FEC1EA7387700B580A7 /* PasswordVaultTests.swift in Sources */ = {isa = PBXBuildFile; fileRef = A1525FEB1EA7387700B580A7 /* PasswordVaultTests.swift */; };
		A1525FF71EA7387700B580A7 /* PasswordVaultUITests.swift in Sources */ = {isa = PBXBuildFile; fileRef = A1525FF61EA7387700B580A7 /* PasswordVaultUITests.swift */; };
		A15B19FF1EB002080068328E /* AboutViewController.swift in Sources */ = {isa = PBXBuildFile; fileRef = A15B19FE1EB002080068328E /* AboutViewController.swift */; };
		A15B1A011EB002140068328E /* AddEntryViewController.swift in Sources */ = {isa = PBXBuildFile; fileRef = A15B1A001EB002140068328E /* AddEntryViewController.swift */; };
		A15B1A031EB002280068328E /* AddGroupViewController.swift in Sources */ = {isa = PBXBuildFile; fileRef = A15B1A021EB002280068328E /* AddGroupViewController.swift */; };
		A15B1A051EB0023C0068328E /* CreateViewController.swift in Sources */ = {isa = PBXBuildFile; fileRef = A15B1A041EB0023C0068328E /* CreateViewController.swift */; };
		A15B1A071EB002520068328E /* EditEntryViewController.swift in Sources */ = {isa = PBXBuildFile; fileRef = A15B1A061EB002520068328E /* EditEntryViewController.swift */; };
		A15B1A091EB0026E0068328E /* EditGroupViewController.swift in Sources */ = {isa = PBXBuildFile; fileRef = A15B1A081EB0026E0068328E /* EditGroupViewController.swift */; };
		A15B1A0B1EB002870068328E /* GroupViewController.swift in Sources */ = {isa = PBXBuildFile; fileRef = A15B1A0A1EB002870068328E /* GroupViewController.swift */; };
		A15B1A0D1EB0029A0068328E /* IconPickerViewController.swift in Sources */ = {isa = PBXBuildFile; fileRef = A15B1A0C1EB0029A0068328E /* IconPickerViewController.swift */; };
		A15B1A0F1EB002BF0068328E /* PasswordGeneratorViewController.swift in Sources */ = {isa = PBXBuildFile; fileRef = A15B1A0E1EB002BF0068328E /* PasswordGeneratorViewController.swift */; };
		A15B1A131EB002D80068328E /* UnlockViewController.swift in Sources */ = {isa = PBXBuildFile; fileRef = A15B1A121EB002D80068328E /* UnlockViewController.swift */; };
		A15B1A181EB01AED0068328E /* Extensions.swift in Sources */ = {isa = PBXBuildFile; fileRef = A15B1A171EB01AED0068328E /* Extensions.swift */; };
		A15B1A1A1EB01C150068328E /* Theme.swift in Sources */ = {isa = PBXBuildFile; fileRef = A15B1A191EB01C150068328E /* Theme.swift */; };
		A15B1A481EB07FAB0068328E /* Vault.swift in Sources */ = {isa = PBXBuildFile; fileRef = A15B1A471EB07FAB0068328E /* Vault.swift */; };
		A175E45F1ECD6EF0002DF419 /* GKCard.swift in Sources */ = {isa = PBXBuildFile; fileRef = A175E45E1ECD6EF0002DF419 /* GKCard.swift */; };
		A18E88D31EB1DD10004D1E91 /* GroupTableViewCell.swift in Sources */ = {isa = PBXBuildFile; fileRef = A18E88D21EB1DD10004D1E91 /* GroupTableViewCell.swift */; };
		A18E88D61EB1ECDE004D1E91 /* SyncView.swift in Sources */ = {isa = PBXBuildFile; fileRef = A18E88D51EB1ECDE004D1E91 /* SyncView.swift */; };
		A18E88D81EB1F0E2004D1E91 /* EntryTableViewCell.swift in Sources */ = {isa = PBXBuildFile; fileRef = A18E88D71EB1F0E2004D1E91 /* EntryTableViewCell.swift */; };
		A190D8F31EEB1EFB006D6E34 /* SearchViewController.swift in Sources */ = {isa = PBXBuildFile; fileRef = A190D8F21EEB1EFB006D6E34 /* SearchViewController.swift */; };
		A1B287EE1EAF357F0006B341 /* Kdbx.swift in Sources */ = {isa = PBXBuildFile; fileRef = A1B287ED1EAF357F0006B341 /* Kdbx.swift */; };
		A1B287F11EAF39010006B341 /* Kdbx4.swift in Sources */ = {isa = PBXBuildFile; fileRef = A1B287EF1EAF39010006B341 /* Kdbx4.swift */; };
		A1B287F21EAF39010006B341 /* Kdbx4Header.swift in Sources */ = {isa = PBXBuildFile; fileRef = A1B287F01EAF39010006B341 /* Kdbx4Header.swift */; };
		A1B287F41EAF39EF0006B341 /* Kdbx4Payload.swift in Sources */ = {isa = PBXBuildFile; fileRef = A1B287F31EAF39EF0006B341 /* Kdbx4Payload.swift */; };
		A1BC9E581EB78AF300DF3387 /* KdbxStreamCiphers.swift in Sources */ = {isa = PBXBuildFile; fileRef = A1BC9E571EB78AF300DF3387 /* KdbxStreamCiphers.swift */; };
		A1BF3A961EAC443100CB306C /* KdbxExtensions.swift in Sources */ = {isa = PBXBuildFile; fileRef = A1BF3A951EAC443100CB306C /* KdbxExtensions.swift */; };
		A1DBBA441EDEB89F0099A9B8 /* ChooseCardViewController.swift in Sources */ = {isa = PBXBuildFile; fileRef = A1DBBA431EDEB89F0099A9B8 /* ChooseCardViewController.swift */; };
		A1DBBA461EDEB9170099A9B8 /* ScannedCardTableViewCell.swift in Sources */ = {isa = PBXBuildFile; fileRef = A1DBBA451EDEB9170099A9B8 /* ScannedCardTableViewCell.swift */; };
		A1E2E7801ED458E2005C2D02 /* AboutTableViewCell.swift in Sources */ = {isa = PBXBuildFile; fileRef = A1E2E77F1ED458E2005C2D02 /* AboutTableViewCell.swift */; };
		A1E2E7821ED467C1005C2D02 /* DatabaseSettingsViewController.swift in Sources */ = {isa = PBXBuildFile; fileRef = A1E2E7811ED467C1005C2D02 /* DatabaseSettingsViewController.swift */; };
		A1F1747C1EADC64300FC49BD /* KdbxXml.swift in Sources */ = {isa = PBXBuildFile; fileRef = A1F1747B1EADC64300FC49BD /* KdbxXml.swift */; };
		A1FD86911EA8B368008F382B /* Kdbx3Payload.swift in Sources */ = {isa = PBXBuildFile; fileRef = A1FD86901EA8B368008F382B /* Kdbx3Payload.swift */; };
		B033691603AB183C66F8A278 /* Pods_PasswordVaultTests.framework in Frameworks */ = {isa = PBXBuildFile; fileRef = 7308D5E89D596E9CEAA4ECD2 /* Pods_PasswordVaultTests.framework */; };
		C97F2204F9C13B7B0AF085D4 /* Pods_PasswordVault.framework in Frameworks */ = {isa = PBXBuildFile; fileRef = E61E282155225B1C80679A95 /* Pods_PasswordVault.framework */; };
/* End PBXBuildFile section */

/* Begin PBXContainerItemProxy section */
		A1525FE81EA7387700B580A7 /* PBXContainerItemProxy */ = {
			isa = PBXContainerItemProxy;
			containerPortal = A1525FCB1EA7387700B580A7 /* Project object */;
			proxyType = 1;
			remoteGlobalIDString = A1525FD21EA7387700B580A7;
			remoteInfo = PasswordVault;
		};
		A1525FF31EA7387700B580A7 /* PBXContainerItemProxy */ = {
			isa = PBXContainerItemProxy;
			containerPortal = A1525FCB1EA7387700B580A7 /* Project object */;
			proxyType = 1;
			remoteGlobalIDString = A1525FD21EA7387700B580A7;
			remoteInfo = PasswordVault;
		};
/* End PBXContainerItemProxy section */

/* Begin PBXFileReference section */
		45A5844A35B16F2DE8C38F90 /* Pods-PasswordVaultUITests.debug.xcconfig */ = {isa = PBXFileReference; includeInIndex = 1; lastKnownFileType = text.xcconfig; name = "Pods-PasswordVaultUITests.debug.xcconfig"; path = "Pods/Target Support Files/Pods-PasswordVaultUITests/Pods-PasswordVaultUITests.debug.xcconfig"; sourceTree = "<group>"; };
		5F900F1810E8D9B00166AF83 /* Pods-PasswordVaultTests.release.xcconfig */ = {isa = PBXFileReference; includeInIndex = 1; lastKnownFileType = text.xcconfig; name = "Pods-PasswordVaultTests.release.xcconfig"; path = "Pods/Target Support Files/Pods-PasswordVaultTests/Pods-PasswordVaultTests.release.xcconfig"; sourceTree = "<group>"; };
		7308D5E89D596E9CEAA4ECD2 /* Pods_PasswordVaultTests.framework */ = {isa = PBXFileReference; explicitFileType = wrapper.framework; includeInIndex = 0; path = Pods_PasswordVaultTests.framework; sourceTree = BUILT_PRODUCTS_DIR; };
		77EC5FF53369F9C60CA7F160 /* Pods-PasswordVault.release.xcconfig */ = {isa = PBXFileReference; includeInIndex = 1; lastKnownFileType = text.xcconfig; name = "Pods-PasswordVault.release.xcconfig"; path = "Pods/Target Support Files/Pods-PasswordVault/Pods-PasswordVault.release.xcconfig"; sourceTree = "<group>"; };
		A10CFD121EA890FE006EFDB6 /* Kdbx3.swift */ = {isa = PBXFileReference; fileEncoding = 4; lastKnownFileType = sourcecode.swift; path = Kdbx3.swift; sourceTree = "<group>"; };
		A10CFD131EA890FE006EFDB6 /* Kdbx3Header.swift */ = {isa = PBXFileReference; fileEncoding = 4; lastKnownFileType = sourcecode.swift; path = Kdbx3Header.swift; sourceTree = "<group>"; };
		A10CFD1C1EA89115006EFDB6 /* DataStream.swift */ = {isa = PBXFileReference; fileEncoding = 4; lastKnownFileType = sourcecode.swift; path = DataStream.swift; sourceTree = "<group>"; };
		A115AADB1EAC6E85006F2675 /* KdbxCrypto.swift */ = {isa = PBXFileReference; fileEncoding = 4; lastKnownFileType = sourcecode.swift; path = KdbxCrypto.swift; sourceTree = "<group>"; };
		A12723DE1EB1B9D000247C85 /* IconPickerCollectionViewCell.swift */ = {isa = PBXFileReference; fileEncoding = 4; lastKnownFileType = sourcecode.swift; path = IconPickerCollectionViewCell.swift; sourceTree = "<group>"; };
		A14F90D81EF97A3300079DAE /* SplashViewController.swift */ = {isa = PBXFileReference; fileEncoding = 4; lastKnownFileType = sourcecode.swift; path = SplashViewController.swift; sourceTree = "<group>"; };
		A1525FD31EA7387700B580A7 /* PasswordVault.app */ = {isa = PBXFileReference; explicitFileType = wrapper.application; includeInIndex = 0; path = PasswordVault.app; sourceTree = BUILT_PRODUCTS_DIR; };
		A1525FD61EA7387700B580A7 /* AppDelegate.swift */ = {isa = PBXFileReference; lastKnownFileType = sourcecode.swift; path = AppDelegate.swift; sourceTree = "<group>"; };
		A1525FDD1EA7387700B580A7 /* Assets.xcassets */ = {isa = PBXFileReference; lastKnownFileType = folder.assetcatalog; path = Assets.xcassets; sourceTree = "<group>"; };
		A1525FE01EA7387700B580A7 /* Base */ = {isa = PBXFileReference; lastKnownFileType = file.storyboard; name = Base; path = Base.lproj/LaunchScreen.storyboard; sourceTree = "<group>"; };
		A1525FE21EA7387700B580A7 /* Info.plist */ = {isa = PBXFileReference; lastKnownFileType = text.plist.xml; path = Info.plist; sourceTree = "<group>"; };
		A1525FE71EA7387700B580A7 /* PasswordVaultTests.xctest */ = {isa = PBXFileReference; explicitFileType = wrapper.cfbundle; includeInIndex = 0; path = PasswordVaultTests.xctest; sourceTree = BUILT_PRODUCTS_DIR; };
		A1525FEB1EA7387700B580A7 /* PasswordVaultTests.swift */ = {isa = PBXFileReference; lastKnownFileType = sourcecode.swift; path = PasswordVaultTests.swift; sourceTree = "<group>"; };
		A1525FED1EA7387700B580A7 /* Info.plist */ = {isa = PBXFileReference; lastKnownFileType = text.plist.xml; path = Info.plist; sourceTree = "<group>"; };
		A1525FF21EA7387700B580A7 /* PasswordVaultUITests.xctest */ = {isa = PBXFileReference; explicitFileType = wrapper.cfbundle; includeInIndex = 0; path = PasswordVaultUITests.xctest; sourceTree = BUILT_PRODUCTS_DIR; };
		A1525FF61EA7387700B580A7 /* PasswordVaultUITests.swift */ = {isa = PBXFileReference; lastKnownFileType = sourcecode.swift; path = PasswordVaultUITests.swift; sourceTree = "<group>"; };
		A1525FF81EA7387700B580A7 /* Info.plist */ = {isa = PBXFileReference; lastKnownFileType = text.plist.xml; path = Info.plist; sourceTree = "<group>"; };
		A15260091EA7398800B580A7 /* PasswordVault-Bridging-Header.h */ = {isa = PBXFileReference; lastKnownFileType = sourcecode.c.h; path = "PasswordVault-Bridging-Header.h"; sourceTree = "<group>"; };
		A15B19FE1EB002080068328E /* AboutViewController.swift */ = {isa = PBXFileReference; fileEncoding = 4; lastKnownFileType = sourcecode.swift; path = AboutViewController.swift; sourceTree = "<group>"; };
		A15B1A001EB002140068328E /* AddEntryViewController.swift */ = {isa = PBXFileReference; fileEncoding = 4; lastKnownFileType = sourcecode.swift; path = AddEntryViewController.swift; sourceTree = "<group>"; };
		A15B1A021EB002280068328E /* AddGroupViewController.swift */ = {isa = PBXFileReference; fileEncoding = 4; lastKnownFileType = sourcecode.swift; path = AddGroupViewController.swift; sourceTree = "<group>"; };
		A15B1A041EB0023C0068328E /* CreateViewController.swift */ = {isa = PBXFileReference; fileEncoding = 4; lastKnownFileType = sourcecode.swift; path = CreateViewController.swift; sourceTree = "<group>"; };
		A15B1A061EB002520068328E /* EditEntryViewController.swift */ = {isa = PBXFileReference; fileEncoding = 4; lastKnownFileType = sourcecode.swift; path = EditEntryViewController.swift; sourceTree = "<group>"; };
		A15B1A081EB0026E0068328E /* EditGroupViewController.swift */ = {isa = PBXFileReference; fileEncoding = 4; lastKnownFileType = sourcecode.swift; path = EditGroupViewController.swift; sourceTree = "<group>"; };
		A15B1A0A1EB002870068328E /* GroupViewController.swift */ = {isa = PBXFileReference; fileEncoding = 4; lastKnownFileType = sourcecode.swift; path = GroupViewController.swift; sourceTree = "<group>"; };
		A15B1A0C1EB0029A0068328E /* IconPickerViewController.swift */ = {isa = PBXFileReference; fileEncoding = 4; lastKnownFileType = sourcecode.swift; path = IconPickerViewController.swift; sourceTree = "<group>"; };
		A15B1A0E1EB002BF0068328E /* PasswordGeneratorViewController.swift */ = {isa = PBXFileReference; fileEncoding = 4; lastKnownFileType = sourcecode.swift; path = PasswordGeneratorViewController.swift; sourceTree = "<group>"; };
		A15B1A121EB002D80068328E /* UnlockViewController.swift */ = {isa = PBXFileReference; fileEncoding = 4; lastKnownFileType = sourcecode.swift; path = UnlockViewController.swift; sourceTree = "<group>"; };
		A15B1A171EB01AED0068328E /* Extensions.swift */ = {isa = PBXFileReference; fileEncoding = 4; lastKnownFileType = sourcecode.swift; path = Extensions.swift; sourceTree = "<group>"; };
		A15B1A191EB01C150068328E /* Theme.swift */ = {isa = PBXFileReference; fileEncoding = 4; lastKnownFileType = sourcecode.swift; path = Theme.swift; sourceTree = "<group>"; };
		A15B1A471EB07FAB0068328E /* Vault.swift */ = {isa = PBXFileReference; fileEncoding = 4; lastKnownFileType = sourcecode.swift; path = Vault.swift; sourceTree = "<group>"; };
		A175E45E1ECD6EF0002DF419 /* GKCard.swift */ = {isa = PBXFileReference; fileEncoding = 4; lastKnownFileType = sourcecode.swift; path = GKCard.swift; sourceTree = "<group>"; };
		A18E88D21EB1DD10004D1E91 /* GroupTableViewCell.swift */ = {isa = PBXFileReference; fileEncoding = 4; lastKnownFileType = sourcecode.swift; path = GroupTableViewCell.swift; sourceTree = "<group>"; };
		A18E88D51EB1ECDE004D1E91 /* SyncView.swift */ = {isa = PBXFileReference; fileEncoding = 4; lastKnownFileType = sourcecode.swift; path = SyncView.swift; sourceTree = "<group>"; };
		A18E88D71EB1F0E2004D1E91 /* EntryTableViewCell.swift */ = {isa = PBXFileReference; fileEncoding = 4; lastKnownFileType = sourcecode.swift; path = EntryTableViewCell.swift; sourceTree = "<group>"; };
		A190D8F21EEB1EFB006D6E34 /* SearchViewController.swift */ = {isa = PBXFileReference; fileEncoding = 4; lastKnownFileType = sourcecode.swift; path = SearchViewController.swift; sourceTree = "<group>"; };
		A1B287ED1EAF357F0006B341 /* Kdbx.swift */ = {isa = PBXFileReference; fileEncoding = 4; lastKnownFileType = sourcecode.swift; path = Kdbx.swift; sourceTree = "<group>"; };
		A1B287EF1EAF39010006B341 /* Kdbx4.swift */ = {isa = PBXFileReference; fileEncoding = 4; lastKnownFileType = sourcecode.swift; path = Kdbx4.swift; sourceTree = "<group>"; };
		A1B287F01EAF39010006B341 /* Kdbx4Header.swift */ = {isa = PBXFileReference; fileEncoding = 4; lastKnownFileType = sourcecode.swift; path = Kdbx4Header.swift; sourceTree = "<group>"; };
		A1B287F31EAF39EF0006B341 /* Kdbx4Payload.swift */ = {isa = PBXFileReference; fileEncoding = 4; lastKnownFileType = sourcecode.swift; path = Kdbx4Payload.swift; sourceTree = "<group>"; };
		A1BC9E571EB78AF300DF3387 /* KdbxStreamCiphers.swift */ = {isa = PBXFileReference; fileEncoding = 4; lastKnownFileType = sourcecode.swift; path = KdbxStreamCiphers.swift; sourceTree = "<group>"; };
		A1BF3A951EAC443100CB306C /* KdbxExtensions.swift */ = {isa = PBXFileReference; fileEncoding = 4; lastKnownFileType = sourcecode.swift; path = KdbxExtensions.swift; sourceTree = "<group>"; };
		A1DBBA431EDEB89F0099A9B8 /* ChooseCardViewController.swift */ = {isa = PBXFileReference; fileEncoding = 4; lastKnownFileType = sourcecode.swift; path = ChooseCardViewController.swift; sourceTree = "<group>"; };
		A1DBBA451EDEB9170099A9B8 /* ScannedCardTableViewCell.swift */ = {isa = PBXFileReference; fileEncoding = 4; lastKnownFileType = sourcecode.swift; path = ScannedCardTableViewCell.swift; sourceTree = "<group>"; };
		A1E2E77F1ED458E2005C2D02 /* AboutTableViewCell.swift */ = {isa = PBXFileReference; fileEncoding = 4; lastKnownFileType = sourcecode.swift; path = AboutTableViewCell.swift; sourceTree = "<group>"; };
		A1E2E7811ED467C1005C2D02 /* DatabaseSettingsViewController.swift */ = {isa = PBXFileReference; fileEncoding = 4; lastKnownFileType = sourcecode.swift; path = DatabaseSettingsViewController.swift; sourceTree = "<group>"; };
		A1F1747B1EADC64300FC49BD /* KdbxXml.swift */ = {isa = PBXFileReference; fileEncoding = 4; lastKnownFileType = sourcecode.swift; path = KdbxXml.swift; sourceTree = "<group>"; };
		A1FD86901EA8B368008F382B /* Kdbx3Payload.swift */ = {isa = PBXFileReference; fileEncoding = 4; lastKnownFileType = sourcecode.swift; path = Kdbx3Payload.swift; sourceTree = "<group>"; };
		A571D4FA530494217C3790B6 /* Pods_PasswordVaultUITests.framework */ = {isa = PBXFileReference; explicitFileType = wrapper.framework; includeInIndex = 0; path = Pods_PasswordVaultUITests.framework; sourceTree = BUILT_PRODUCTS_DIR; };
		A916743BCAF1E736CD018ECA /* Pods-PasswordVaultTests.debug.xcconfig */ = {isa = PBXFileReference; includeInIndex = 1; lastKnownFileType = text.xcconfig; name = "Pods-PasswordVaultTests.debug.xcconfig"; path = "Pods/Target Support Files/Pods-PasswordVaultTests/Pods-PasswordVaultTests.debug.xcconfig"; sourceTree = "<group>"; };
		A96BCEC97F468D7738E5202F /* Pods-PasswordVaultUITests.release.xcconfig */ = {isa = PBXFileReference; includeInIndex = 1; lastKnownFileType = text.xcconfig; name = "Pods-PasswordVaultUITests.release.xcconfig"; path = "Pods/Target Support Files/Pods-PasswordVaultUITests/Pods-PasswordVaultUITests.release.xcconfig"; sourceTree = "<group>"; };
		E61E282155225B1C80679A95 /* Pods_PasswordVault.framework */ = {isa = PBXFileReference; explicitFileType = wrapper.framework; includeInIndex = 0; path = Pods_PasswordVault.framework; sourceTree = BUILT_PRODUCTS_DIR; };
		F28E9CA44ADDB0610AAA1F0A /* Pods-PasswordVault.debug.xcconfig */ = {isa = PBXFileReference; includeInIndex = 1; lastKnownFileType = text.xcconfig; name = "Pods-PasswordVault.debug.xcconfig"; path = "Pods/Target Support Files/Pods-PasswordVault/Pods-PasswordVault.debug.xcconfig"; sourceTree = "<group>"; };
/* End PBXFileReference section */

/* Begin PBXFrameworksBuildPhase section */
		A1525FD01EA7387700B580A7 /* Frameworks */ = {
			isa = PBXFrameworksBuildPhase;
			buildActionMask = 2147483647;
			files = (
				C97F2204F9C13B7B0AF085D4 /* Pods_PasswordVault.framework in Frameworks */,
			);
			runOnlyForDeploymentPostprocessing = 0;
		};
		A1525FE41EA7387700B580A7 /* Frameworks */ = {
			isa = PBXFrameworksBuildPhase;
			buildActionMask = 2147483647;
			files = (
				B033691603AB183C66F8A278 /* Pods_PasswordVaultTests.framework in Frameworks */,
			);
			runOnlyForDeploymentPostprocessing = 0;
		};
		A1525FEF1EA7387700B580A7 /* Frameworks */ = {
			isa = PBXFrameworksBuildPhase;
			buildActionMask = 2147483647;
			files = (
				004368D6C044C4CC38FF195D /* Pods_PasswordVaultUITests.framework in Frameworks */,
			);
			runOnlyForDeploymentPostprocessing = 0;
		};
/* End PBXFrameworksBuildPhase section */

/* Begin PBXGroup section */
		A10CFD111EA890DF006EFDB6 /* Kdbx */ = {
			isa = PBXGroup;
			children = (
				A1B287ED1EAF357F0006B341 /* Kdbx.swift */,
				A115AADB1EAC6E85006F2675 /* KdbxCrypto.swift */,
				A1BF3A951EAC443100CB306C /* KdbxExtensions.swift */,
				A1BC9E571EB78AF300DF3387 /* KdbxStreamCiphers.swift */,
				A1F1747B1EADC64300FC49BD /* KdbxXml.swift */,
				A10CFD121EA890FE006EFDB6 /* Kdbx3.swift */,
				A10CFD131EA890FE006EFDB6 /* Kdbx3Header.swift */,
				A1FD86901EA8B368008F382B /* Kdbx3Payload.swift */,
				A1B287EF1EAF39010006B341 /* Kdbx4.swift */,
				A1B287F01EAF39010006B341 /* Kdbx4Header.swift */,
				A1B287F31EAF39EF0006B341 /* Kdbx4Payload.swift */,
			);
			name = Kdbx;
			sourceTree = "<group>";
		};
		A1525FCA1EA7387700B580A7 = {
			isa = PBXGroup;
			children = (
				A1525FD51EA7387700B580A7 /* PasswordVault */,
				A1525FEA1EA7387700B580A7 /* PasswordVaultTests */,
				A1525FF51EA7387700B580A7 /* PasswordVaultUITests */,
				A1525FD41EA7387700B580A7 /* Products */,
				A15260041EA738BD00B580A7 /* Frameworks */,
				FE1604C74B10D111B7E1FF5A /* Pods */,
			);
			sourceTree = "<group>";
		};
		A1525FD41EA7387700B580A7 /* Products */ = {
			isa = PBXGroup;
			children = (
				A1525FD31EA7387700B580A7 /* PasswordVault.app */,
				A1525FE71EA7387700B580A7 /* PasswordVaultTests.xctest */,
				A1525FF21EA7387700B580A7 /* PasswordVaultUITests.xctest */,
			);
			name = Products;
			sourceTree = "<group>";
		};
		A1525FD51EA7387700B580A7 /* PasswordVault */ = {
			isa = PBXGroup;
			children = (
				A1525FE21EA7387700B580A7 /* Info.plist */,
				A10CFD1C1EA89115006EFDB6 /* DataStream.swift */,
				A15260091EA7398800B580A7 /* PasswordVault-Bridging-Header.h */,
				A1525FD61EA7387700B580A7 /* AppDelegate.swift */,
				A15B1A171EB01AED0068328E /* Extensions.swift */,
				A15B1A191EB01C150068328E /* Theme.swift */,
				A15B1A471EB07FAB0068328E /* Vault.swift */,
				A1D148EF1EBBD5C20089DF3B /* Gatekeeper */,
				A10CFD111EA890DF006EFDB6 /* Kdbx */,
				A15B1A401EB02E3F0068328E /* UICollectionViewCell */,
				A18E88D11EB1DCDE004D1E91 /* UITableViewCell */,
				A18E88D41EB1ECD1004D1E91 /* UIView */,
				A15B19FB1EAFFD140068328E /* UIViewController */,
				A1525FDD1EA7387700B580A7 /* Assets.xcassets */,
				A1525FDF1EA7387700B580A7 /* LaunchScreen.storyboard */,
			);
			path = PasswordVault;
			sourceTree = "<group>";
		};
		A1525FEA1EA7387700B580A7 /* PasswordVaultTests */ = {
			isa = PBXGroup;
			children = (
				A1525FEB1EA7387700B580A7 /* PasswordVaultTests.swift */,
				A1525FED1EA7387700B580A7 /* Info.plist */,
			);
			path = PasswordVaultTests;
			sourceTree = "<group>";
		};
		A1525FF51EA7387700B580A7 /* PasswordVaultUITests */ = {
			isa = PBXGroup;
			children = (
				A1525FF61EA7387700B580A7 /* PasswordVaultUITests.swift */,
				A1525FF81EA7387700B580A7 /* Info.plist */,
			);
			path = PasswordVaultUITests;
			sourceTree = "<group>";
		};
		A15260041EA738BD00B580A7 /* Frameworks */ = {
			isa = PBXGroup;
			children = (
				E61E282155225B1C80679A95 /* Pods_PasswordVault.framework */,
				7308D5E89D596E9CEAA4ECD2 /* Pods_PasswordVaultTests.framework */,
				A571D4FA530494217C3790B6 /* Pods_PasswordVaultUITests.framework */,
			);
			name = Frameworks;
			sourceTree = "<group>";
		};
		A15B19FB1EAFFD140068328E /* UIViewController */ = {
			isa = PBXGroup;
			children = (
				A15B19FE1EB002080068328E /* AboutViewController.swift */,
				A15B1A001EB002140068328E /* AddEntryViewController.swift */,
				A15B1A021EB002280068328E /* AddGroupViewController.swift */,
				A1DBBA431EDEB89F0099A9B8 /* ChooseCardViewController.swift */,
				A15B1A041EB0023C0068328E /* CreateViewController.swift */,
				A1E2E7811ED467C1005C2D02 /* DatabaseSettingsViewController.swift */,
				A15B1A061EB002520068328E /* EditEntryViewController.swift */,
				A15B1A081EB0026E0068328E /* EditGroupViewController.swift */,
				A15B1A0A1EB002870068328E /* GroupViewController.swift */,
				A15B1A0C1EB0029A0068328E /* IconPickerViewController.swift */,
				A15B1A0E1EB002BF0068328E /* PasswordGeneratorViewController.swift */,
				A190D8F21EEB1EFB006D6E34 /* SearchViewController.swift */,
				A14F90D81EF97A3300079DAE /* SplashViewController.swift */,
				A15B1A121EB002D80068328E /* UnlockViewController.swift */,
			);
			name = UIViewController;
			sourceTree = "<group>";
		};
		A15B1A401EB02E3F0068328E /* UICollectionViewCell */ = {
			isa = PBXGroup;
			children = (
				A12723DE1EB1B9D000247C85 /* IconPickerCollectionViewCell.swift */,
			);
			name = UICollectionViewCell;
			sourceTree = "<group>";
		};
		A18E88D11EB1DCDE004D1E91 /* UITableViewCell */ = {
			isa = PBXGroup;
			children = (
				A1E2E77F1ED458E2005C2D02 /* AboutTableViewCell.swift */,
				A18E88D21EB1DD10004D1E91 /* GroupTableViewCell.swift */,
				A18E88D71EB1F0E2004D1E91 /* EntryTableViewCell.swift */,
				A1DBBA451EDEB9170099A9B8 /* ScannedCardTableViewCell.swift */,
			);
			name = UITableViewCell;
			sourceTree = "<group>";
		};
		A18E88D41EB1ECD1004D1E91 /* UIView */ = {
			isa = PBXGroup;
			children = (
				A18E88D51EB1ECDE004D1E91 /* SyncView.swift */,
			);
			name = UIView;
			sourceTree = "<group>";
		};
		A1D148EF1EBBD5C20089DF3B /* Gatekeeper */ = {
			isa = PBXGroup;
			children = (
				A175E45E1ECD6EF0002DF419 /* GKCard.swift */,
			);
			name = Gatekeeper;
			sourceTree = "<group>";
		};
		FE1604C74B10D111B7E1FF5A /* Pods */ = {
			isa = PBXGroup;
			children = (
				F28E9CA44ADDB0610AAA1F0A /* Pods-PasswordVault.debug.xcconfig */,
				77EC5FF53369F9C60CA7F160 /* Pods-PasswordVault.release.xcconfig */,
				A916743BCAF1E736CD018ECA /* Pods-PasswordVaultTests.debug.xcconfig */,
				5F900F1810E8D9B00166AF83 /* Pods-PasswordVaultTests.release.xcconfig */,
				45A5844A35B16F2DE8C38F90 /* Pods-PasswordVaultUITests.debug.xcconfig */,
				A96BCEC97F468D7738E5202F /* Pods-PasswordVaultUITests.release.xcconfig */,
			);
			name = Pods;
			sourceTree = "<group>";
		};
/* End PBXGroup section */

/* Begin PBXNativeTarget section */
		A1525FD21EA7387700B580A7 /* PasswordVault */ = {
			isa = PBXNativeTarget;
			buildConfigurationList = A1525FFB1EA7387700B580A7 /* Build configuration list for PBXNativeTarget "PasswordVault" */;
			buildPhases = (
				CAD439B2BD8FDED510CF9C63 /* [CP] Check Pods Manifest.lock */,
				A1525FCF1EA7387700B580A7 /* Sources */,
				A1525FD01EA7387700B580A7 /* Frameworks */,
				A1525FD11EA7387700B580A7 /* Resources */,
				BAE40CD887DD639F22558488 /* [CP] Embed Pods Frameworks */,
				15C495C7E90E1D46E4C15E98 /* [CP] Copy Pods Resources */,
			);
			buildRules = (
			);
			dependencies = (
			);
			name = PasswordVault;
			productName = PasswordVault;
			productReference = A1525FD31EA7387700B580A7 /* PasswordVault.app */;
			productType = "com.apple.product-type.application";
		};
		A1525FE61EA7387700B580A7 /* PasswordVaultTests */ = {
			isa = PBXNativeTarget;
			buildConfigurationList = A1525FFE1EA7387700B580A7 /* Build configuration list for PBXNativeTarget "PasswordVaultTests" */;
			buildPhases = (
				75EFA3EC4C47F34A93BCE4B7 /* [CP] Check Pods Manifest.lock */,
				A1525FE31EA7387700B580A7 /* Sources */,
				A1525FE41EA7387700B580A7 /* Frameworks */,
				A1525FE51EA7387700B580A7 /* Resources */,
				4A99AF819C5E52BA2644075B /* [CP] Embed Pods Frameworks */,
				87E17B6C9DFEA80B9AA0E6B5 /* [CP] Copy Pods Resources */,
			);
			buildRules = (
			);
			dependencies = (
				A1525FE91EA7387700B580A7 /* PBXTargetDependency */,
			);
			name = PasswordVaultTests;
			productName = PasswordVaultTests;
			productReference = A1525FE71EA7387700B580A7 /* PasswordVaultTests.xctest */;
			productType = "com.apple.product-type.bundle.unit-test";
		};
		A1525FF11EA7387700B580A7 /* PasswordVaultUITests */ = {
			isa = PBXNativeTarget;
			buildConfigurationList = A15260011EA7387700B580A7 /* Build configuration list for PBXNativeTarget "PasswordVaultUITests" */;
			buildPhases = (
				34C2F7DF469A1247AEFEB294 /* [CP] Check Pods Manifest.lock */,
				A1525FEE1EA7387700B580A7 /* Sources */,
				A1525FEF1EA7387700B580A7 /* Frameworks */,
				A1525FF01EA7387700B580A7 /* Resources */,
				EF10293AF3B91B16583CF94D /* [CP] Embed Pods Frameworks */,
				96BD49FC4068377B7A3D1492 /* [CP] Copy Pods Resources */,
			);
			buildRules = (
			);
			dependencies = (
				A1525FF41EA7387700B580A7 /* PBXTargetDependency */,
			);
			name = PasswordVaultUITests;
			productName = PasswordVaultUITests;
			productReference = A1525FF21EA7387700B580A7 /* PasswordVaultUITests.xctest */;
			productType = "com.apple.product-type.bundle.ui-testing";
		};
/* End PBXNativeTarget section */

/* Begin PBXProject section */
		A1525FCB1EA7387700B580A7 /* Project object */ = {
			isa = PBXProject;
			attributes = {
				LastSwiftUpdateCheck = 0830;
				LastUpgradeCheck = 0830;
				ORGANIZATIONNAME = "BluStor PMC, Inc.";
				TargetAttributes = {
					A1525FD21EA7387700B580A7 = {
						CreatedOnToolsVersion = 8.3.2;
						DevelopmentTeam = ZW2TP8ZGB7;
						ProvisioningStyle = Automatic;
					};
					A1525FE61EA7387700B580A7 = {
						CreatedOnToolsVersion = 8.3.2;
						DevelopmentTeam = ZW2TP8ZGB7;
						ProvisioningStyle = Automatic;
						TestTargetID = A1525FD21EA7387700B580A7;
					};
					A1525FF11EA7387700B580A7 = {
						CreatedOnToolsVersion = 8.3.2;
						DevelopmentTeam = ZW2TP8ZGB7;
						ProvisioningStyle = Automatic;
						TestTargetID = A1525FD21EA7387700B580A7;
					};
				};
			};
			buildConfigurationList = A1525FCE1EA7387700B580A7 /* Build configuration list for PBXProject "PasswordVault" */;
			compatibilityVersion = "Xcode 8.0";
			developmentRegion = English;
			hasScannedForEncodings = 0;
			knownRegions = (
				en,
				Base,
			);
			mainGroup = A1525FCA1EA7387700B580A7;
			productRefGroup = A1525FD41EA7387700B580A7 /* Products */;
			projectDirPath = "";
			projectRoot = "";
			targets = (
				A1525FD21EA7387700B580A7 /* PasswordVault */,
				A1525FE61EA7387700B580A7 /* PasswordVaultTests */,
				A1525FF11EA7387700B580A7 /* PasswordVaultUITests */,
			);
		};
/* End PBXProject section */

/* Begin PBXResourcesBuildPhase section */
		A1525FD11EA7387700B580A7 /* Resources */ = {
			isa = PBXResourcesBuildPhase;
			buildActionMask = 2147483647;
			files = (
				A1525FE11EA7387700B580A7 /* LaunchScreen.storyboard in Resources */,
				A1525FDE1EA7387700B580A7 /* Assets.xcassets in Resources */,
			);
			runOnlyForDeploymentPostprocessing = 0;
		};
		A1525FE51EA7387700B580A7 /* Resources */ = {
			isa = PBXResourcesBuildPhase;
			buildActionMask = 2147483647;
			files = (
			);
			runOnlyForDeploymentPostprocessing = 0;
		};
		A1525FF01EA7387700B580A7 /* Resources */ = {
			isa = PBXResourcesBuildPhase;
			buildActionMask = 2147483647;
			files = (
			);
			runOnlyForDeploymentPostprocessing = 0;
		};
/* End PBXResourcesBuildPhase section */

/* Begin PBXShellScriptBuildPhase section */
		15C495C7E90E1D46E4C15E98 /* [CP] Copy Pods Resources */ = {
			isa = PBXShellScriptBuildPhase;
			buildActionMask = 2147483647;
			files = (
			);
			inputPaths = (
			);
			name = "[CP] Copy Pods Resources";
			outputPaths = (
			);
			runOnlyForDeploymentPostprocessing = 0;
			shellPath = /bin/sh;
			shellScript = "\"${SRCROOT}/Pods/Target Support Files/Pods-PasswordVault/Pods-PasswordVault-resources.sh\"\n";
			showEnvVarsInLog = 0;
		};
		34C2F7DF469A1247AEFEB294 /* [CP] Check Pods Manifest.lock */ = {
			isa = PBXShellScriptBuildPhase;
			buildActionMask = 2147483647;
			files = (
			);
			inputPaths = (
				"${PODS_PODFILE_DIR_PATH}/Podfile.lock",
				"${PODS_ROOT}/Manifest.lock",
			);
			name = "[CP] Check Pods Manifest.lock";
			outputPaths = (
				"$(DERIVED_FILE_DIR)/Pods-PasswordVaultUITests-checkManifestLockResult.txt",
			);
			runOnlyForDeploymentPostprocessing = 0;
			shellPath = /bin/sh;
			shellScript = "diff \"${PODS_PODFILE_DIR_PATH}/Podfile.lock\" \"${PODS_ROOT}/Manifest.lock\" > /dev/null\nif [ $? != 0 ] ; then\n    # print error to STDERR\n    echo \"error: The sandbox is not in sync with the Podfile.lock. Run 'pod install' or update your CocoaPods installation.\" >&2\n    exit 1\nfi\n# This output is used by Xcode 'outputs' to avoid re-running this script phase.\necho \"SUCCESS\" > \"${SCRIPT_OUTPUT_FILE_0}\"\n";
			showEnvVarsInLog = 0;
		};
		4A99AF819C5E52BA2644075B /* [CP] Embed Pods Frameworks */ = {
			isa = PBXShellScriptBuildPhase;
			buildActionMask = 2147483647;
			files = (
			);
			inputPaths = (
			);
			name = "[CP] Embed Pods Frameworks";
			outputPaths = (
			);
			runOnlyForDeploymentPostprocessing = 0;
			shellPath = /bin/sh;
			shellScript = "\"${SRCROOT}/Pods/Target Support Files/Pods-PasswordVaultTests/Pods-PasswordVaultTests-frameworks.sh\"\n";
			showEnvVarsInLog = 0;
		};
		75EFA3EC4C47F34A93BCE4B7 /* [CP] Check Pods Manifest.lock */ = {
			isa = PBXShellScriptBuildPhase;
			buildActionMask = 2147483647;
			files = (
			);
			inputPaths = (
				"${PODS_PODFILE_DIR_PATH}/Podfile.lock",
				"${PODS_ROOT}/Manifest.lock",
			);
			name = "[CP] Check Pods Manifest.lock";
			outputPaths = (
				"$(DERIVED_FILE_DIR)/Pods-PasswordVaultTests-checkManifestLockResult.txt",
			);
			runOnlyForDeploymentPostprocessing = 0;
			shellPath = /bin/sh;
			shellScript = "diff \"${PODS_PODFILE_DIR_PATH}/Podfile.lock\" \"${PODS_ROOT}/Manifest.lock\" > /dev/null\nif [ $? != 0 ] ; then\n    # print error to STDERR\n    echo \"error: The sandbox is not in sync with the Podfile.lock. Run 'pod install' or update your CocoaPods installation.\" >&2\n    exit 1\nfi\n# This output is used by Xcode 'outputs' to avoid re-running this script phase.\necho \"SUCCESS\" > \"${SCRIPT_OUTPUT_FILE_0}\"\n";
			showEnvVarsInLog = 0;
		};
		87E17B6C9DFEA80B9AA0E6B5 /* [CP] Copy Pods Resources */ = {
			isa = PBXShellScriptBuildPhase;
			buildActionMask = 2147483647;
			files = (
			);
			inputPaths = (
			);
			name = "[CP] Copy Pods Resources";
			outputPaths = (
			);
			runOnlyForDeploymentPostprocessing = 0;
			shellPath = /bin/sh;
			shellScript = "\"${SRCROOT}/Pods/Target Support Files/Pods-PasswordVaultTests/Pods-PasswordVaultTests-resources.sh\"\n";
			showEnvVarsInLog = 0;
		};
		96BD49FC4068377B7A3D1492 /* [CP] Copy Pods Resources */ = {
			isa = PBXShellScriptBuildPhase;
			buildActionMask = 2147483647;
			files = (
			);
			inputPaths = (
			);
			name = "[CP] Copy Pods Resources";
			outputPaths = (
			);
			runOnlyForDeploymentPostprocessing = 0;
			shellPath = /bin/sh;
			shellScript = "\"${SRCROOT}/Pods/Target Support Files/Pods-PasswordVaultUITests/Pods-PasswordVaultUITests-resources.sh\"\n";
			showEnvVarsInLog = 0;
		};
		BAE40CD887DD639F22558488 /* [CP] Embed Pods Frameworks */ = {
			isa = PBXShellScriptBuildPhase;
			buildActionMask = 2147483647;
			files = (
			);
			inputPaths = (
				"${SRCROOT}/Pods/Target Support Files/Pods-PasswordVault/Pods-PasswordVault-frameworks.sh",
				"${BUILT_PRODUCTS_DIR}/AEXML/AEXML.framework",
				"${BUILT_PRODUCTS_DIR}/GzipSwift/Gzip.framework",
				"${BUILT_PRODUCTS_DIR}/HydraAsync/Hydra.framework",
				"${BUILT_PRODUCTS_DIR}/IQKeyboardManagerSwift/IQKeyboardManagerSwift.framework",
				"${BUILT_PRODUCTS_DIR}/Material/Material.framework",
				"${BUILT_PRODUCTS_DIR}/SVProgressHUD/SVProgressHUD.framework",
				"${BUILT_PRODUCTS_DIR}/Signals/Signals.framework",
				"${BUILT_PRODUCTS_DIR}/SwiftyBluetooth/SwiftyBluetooth.framework",
			);
			name = "[CP] Embed Pods Frameworks";
			outputPaths = (
				"${TARGET_BUILD_DIR}/${FRAMEWORKS_FOLDER_PATH}/AEXML.framework",
				"${TARGET_BUILD_DIR}/${FRAMEWORKS_FOLDER_PATH}/Gzip.framework",
				"${TARGET_BUILD_DIR}/${FRAMEWORKS_FOLDER_PATH}/Hydra.framework",
				"${TARGET_BUILD_DIR}/${FRAMEWORKS_FOLDER_PATH}/IQKeyboardManagerSwift.framework",
				"${TARGET_BUILD_DIR}/${FRAMEWORKS_FOLDER_PATH}/Material.framework",
				"${TARGET_BUILD_DIR}/${FRAMEWORKS_FOLDER_PATH}/SVProgressHUD.framework",
				"${TARGET_BUILD_DIR}/${FRAMEWORKS_FOLDER_PATH}/Signals.framework",
				"${TARGET_BUILD_DIR}/${FRAMEWORKS_FOLDER_PATH}/SwiftyBluetooth.framework",
			);
			runOnlyForDeploymentPostprocessing = 0;
			shellPath = /bin/sh;
			shellScript = "\"${SRCROOT}/Pods/Target Support Files/Pods-PasswordVault/Pods-PasswordVault-frameworks.sh\"\n";
			showEnvVarsInLog = 0;
		};
		CAD439B2BD8FDED510CF9C63 /* [CP] Check Pods Manifest.lock */ = {
			isa = PBXShellScriptBuildPhase;
			buildActionMask = 2147483647;
			files = (
			);
			inputPaths = (
				"${PODS_PODFILE_DIR_PATH}/Podfile.lock",
				"${PODS_ROOT}/Manifest.lock",
			);
			name = "[CP] Check Pods Manifest.lock";
			outputPaths = (
				"$(DERIVED_FILE_DIR)/Pods-PasswordVault-checkManifestLockResult.txt",
			);
			runOnlyForDeploymentPostprocessing = 0;
			shellPath = /bin/sh;
			shellScript = "diff \"${PODS_PODFILE_DIR_PATH}/Podfile.lock\" \"${PODS_ROOT}/Manifest.lock\" > /dev/null\nif [ $? != 0 ] ; then\n    # print error to STDERR\n    echo \"error: The sandbox is not in sync with the Podfile.lock. Run 'pod install' or update your CocoaPods installation.\" >&2\n    exit 1\nfi\n# This output is used by Xcode 'outputs' to avoid re-running this script phase.\necho \"SUCCESS\" > \"${SCRIPT_OUTPUT_FILE_0}\"\n";
			showEnvVarsInLog = 0;
		};
		EF10293AF3B91B16583CF94D /* [CP] Embed Pods Frameworks */ = {
			isa = PBXShellScriptBuildPhase;
			buildActionMask = 2147483647;
			files = (
			);
			inputPaths = (
			);
			name = "[CP] Embed Pods Frameworks";
			outputPaths = (
			);
			runOnlyForDeploymentPostprocessing = 0;
			shellPath = /bin/sh;
			shellScript = "\"${SRCROOT}/Pods/Target Support Files/Pods-PasswordVaultUITests/Pods-PasswordVaultUITests-frameworks.sh\"\n";
			showEnvVarsInLog = 0;
		};
/* End PBXShellScriptBuildPhase section */

/* Begin PBXSourcesBuildPhase section */
		A1525FCF1EA7387700B580A7 /* Sources */ = {
			isa = PBXSourcesBuildPhase;
			buildActionMask = 2147483647;
			files = (
				A15B1A1A1EB01C150068328E /* Theme.swift in Sources */,
				A18E88D61EB1ECDE004D1E91 /* SyncView.swift in Sources */,
				A10CFD171EA890FE006EFDB6 /* Kdbx3.swift in Sources */,
				A15B1A091EB0026E0068328E /* EditGroupViewController.swift in Sources */,
				A14F90D91EF97A3300079DAE /* SplashViewController.swift in Sources */,
				A10CFD181EA890FE006EFDB6 /* Kdbx3Header.swift in Sources */,
				A1B287EE1EAF357F0006B341 /* Kdbx.swift in Sources */,
				A1B287F21EAF39010006B341 /* Kdbx4Header.swift in Sources */,
				A1B287F41EAF39EF0006B341 /* Kdbx4Payload.swift in Sources */,
				A12723DF1EB1B9D000247C85 /* IconPickerCollectionViewCell.swift in Sources */,
				A1E2E7801ED458E2005C2D02 /* AboutTableViewCell.swift in Sources */,
				A1B287F11EAF39010006B341 /* Kdbx4.swift in Sources */,
				A15B1A0D1EB0029A0068328E /* IconPickerViewController.swift in Sources */,
				A115AADC1EAC6E85006F2675 /* KdbxCrypto.swift in Sources */,
				A15B1A0F1EB002BF0068328E /* PasswordGeneratorViewController.swift in Sources */,
				A1BC9E581EB78AF300DF3387 /* KdbxStreamCiphers.swift in Sources */,
				A1FD86911EA8B368008F382B /* Kdbx3Payload.swift in Sources */,
				A15B1A051EB0023C0068328E /* CreateViewController.swift in Sources */,
				A18E88D31EB1DD10004D1E91 /* GroupTableViewCell.swift in Sources */,
				A10CFD1E1EA89115006EFDB6 /* DataStream.swift in Sources */,
				A15B1A011EB002140068328E /* AddEntryViewController.swift in Sources */,
				A18E88D81EB1F0E2004D1E91 /* EntryTableViewCell.swift in Sources */,
				A1BF3A961EAC443100CB306C /* KdbxExtensions.swift in Sources */,
				A1DBBA441EDEB89F0099A9B8 /* ChooseCardViewController.swift in Sources */,
				A15B1A0B1EB002870068328E /* GroupViewController.swift in Sources */,
				A1DBBA461EDEB9170099A9B8 /* ScannedCardTableViewCell.swift in Sources */,
				A175E45F1ECD6EF0002DF419 /* GKCard.swift in Sources */,
				A1E2E7821ED467C1005C2D02 /* DatabaseSettingsViewController.swift in Sources */,
				A1525FD71EA7387700B580A7 /* AppDelegate.swift in Sources */,
				A15B19FF1EB002080068328E /* AboutViewController.swift in Sources */,
				A15B1A181EB01AED0068328E /* Extensions.swift in Sources */,
				A190D8F31EEB1EFB006D6E34 /* SearchViewController.swift in Sources */,
				A15B1A131EB002D80068328E /* UnlockViewController.swift in Sources */,
				A15B1A031EB002280068328E /* AddGroupViewController.swift in Sources */,
				A1F1747C1EADC64300FC49BD /* KdbxXml.swift in Sources */,
				A15B1A481EB07FAB0068328E /* Vault.swift in Sources */,
				A15B1A071EB002520068328E /* EditEntryViewController.swift in Sources */,
			);
			runOnlyForDeploymentPostprocessing = 0;
		};
		A1525FE31EA7387700B580A7 /* Sources */ = {
			isa = PBXSourcesBuildPhase;
			buildActionMask = 2147483647;
			files = (
				A1525FEC1EA7387700B580A7 /* PasswordVaultTests.swift in Sources */,
			);
			runOnlyForDeploymentPostprocessing = 0;
		};
		A1525FEE1EA7387700B580A7 /* Sources */ = {
			isa = PBXSourcesBuildPhase;
			buildActionMask = 2147483647;
			files = (
				A1525FF71EA7387700B580A7 /* PasswordVaultUITests.swift in Sources */,
			);
			runOnlyForDeploymentPostprocessing = 0;
		};
/* End PBXSourcesBuildPhase section */

/* Begin PBXTargetDependency section */
		A1525FE91EA7387700B580A7 /* PBXTargetDependency */ = {
			isa = PBXTargetDependency;
			target = A1525FD21EA7387700B580A7 /* PasswordVault */;
			targetProxy = A1525FE81EA7387700B580A7 /* PBXContainerItemProxy */;
		};
		A1525FF41EA7387700B580A7 /* PBXTargetDependency */ = {
			isa = PBXTargetDependency;
			target = A1525FD21EA7387700B580A7 /* PasswordVault */;
			targetProxy = A1525FF31EA7387700B580A7 /* PBXContainerItemProxy */;
		};
/* End PBXTargetDependency section */

/* Begin PBXVariantGroup section */
		A1525FDF1EA7387700B580A7 /* LaunchScreen.storyboard */ = {
			isa = PBXVariantGroup;
			children = (
				A1525FE01EA7387700B580A7 /* Base */,
			);
			name = LaunchScreen.storyboard;
			sourceTree = "<group>";
		};
/* End PBXVariantGroup section */

/* Begin XCBuildConfiguration section */
		A1525FF91EA7387700B580A7 /* Debug */ = {
			isa = XCBuildConfiguration;
			buildSettings = {
				ALWAYS_SEARCH_USER_PATHS = NO;
				CLANG_ANALYZER_NONNULL = YES;
				CLANG_ANALYZER_NUMBER_OBJECT_CONVERSION = YES_AGGRESSIVE;
				CLANG_CXX_LANGUAGE_STANDARD = "gnu++0x";
				CLANG_CXX_LIBRARY = "libc++";
				CLANG_ENABLE_MODULES = YES;
				CLANG_ENABLE_OBJC_ARC = YES;
				CLANG_WARN_BOOL_CONVERSION = YES;
				CLANG_WARN_CONSTANT_CONVERSION = YES;
				CLANG_WARN_DIRECT_OBJC_ISA_USAGE = YES_ERROR;
				CLANG_WARN_DOCUMENTATION_COMMENTS = YES;
				CLANG_WARN_EMPTY_BODY = YES;
				CLANG_WARN_ENUM_CONVERSION = YES;
				CLANG_WARN_INFINITE_RECURSION = YES;
				CLANG_WARN_INT_CONVERSION = YES;
				CLANG_WARN_OBJC_ROOT_CLASS = YES_ERROR;
				CLANG_WARN_SUSPICIOUS_MOVE = YES;
				CLANG_WARN_UNREACHABLE_CODE = YES;
				CLANG_WARN__DUPLICATE_METHOD_MATCH = YES;
				"CODE_SIGN_IDENTITY[sdk=iphoneos*]" = "iPhone Developer";
				COPY_PHASE_STRIP = NO;
				DEBUG_INFORMATION_FORMAT = dwarf;
				ENABLE_STRICT_OBJC_MSGSEND = YES;
				ENABLE_TESTABILITY = YES;
				GCC_C_LANGUAGE_STANDARD = gnu99;
				GCC_DYNAMIC_NO_PIC = NO;
				GCC_NO_COMMON_BLOCKS = YES;
				GCC_OPTIMIZATION_LEVEL = 0;
				GCC_PREPROCESSOR_DEFINITIONS = (
					"DEBUG=1",
					"$(inherited)",
				);
				GCC_WARN_64_TO_32_BIT_CONVERSION = YES;
				GCC_WARN_ABOUT_RETURN_TYPE = YES_ERROR;
				GCC_WARN_UNDECLARED_SELECTOR = YES;
				GCC_WARN_UNINITIALIZED_AUTOS = YES_AGGRESSIVE;
				GCC_WARN_UNUSED_FUNCTION = YES;
				GCC_WARN_UNUSED_VARIABLE = YES;
				IPHONEOS_DEPLOYMENT_TARGET = 10.3;
				MTL_ENABLE_DEBUG_INFO = YES;
				ONLY_ACTIVE_ARCH = YES;
				SDKROOT = iphoneos;
				SWIFT_ACTIVE_COMPILATION_CONDITIONS = DEBUG;
				SWIFT_OPTIMIZATION_LEVEL = "-Onone";
				TARGETED_DEVICE_FAMILY = "1,2";
			};
			name = Debug;
		};
		A1525FFA1EA7387700B580A7 /* Release */ = {
			isa = XCBuildConfiguration;
			buildSettings = {
				ALWAYS_SEARCH_USER_PATHS = NO;
				CLANG_ANALYZER_NONNULL = YES;
				CLANG_ANALYZER_NUMBER_OBJECT_CONVERSION = YES_AGGRESSIVE;
				CLANG_CXX_LANGUAGE_STANDARD = "gnu++0x";
				CLANG_CXX_LIBRARY = "libc++";
				CLANG_ENABLE_MODULES = YES;
				CLANG_ENABLE_OBJC_ARC = YES;
				CLANG_WARN_BOOL_CONVERSION = YES;
				CLANG_WARN_CONSTANT_CONVERSION = YES;
				CLANG_WARN_DIRECT_OBJC_ISA_USAGE = YES_ERROR;
				CLANG_WARN_DOCUMENTATION_COMMENTS = YES;
				CLANG_WARN_EMPTY_BODY = YES;
				CLANG_WARN_ENUM_CONVERSION = YES;
				CLANG_WARN_INFINITE_RECURSION = YES;
				CLANG_WARN_INT_CONVERSION = YES;
				CLANG_WARN_OBJC_ROOT_CLASS = YES_ERROR;
				CLANG_WARN_SUSPICIOUS_MOVE = YES;
				CLANG_WARN_UNREACHABLE_CODE = YES;
				CLANG_WARN__DUPLICATE_METHOD_MATCH = YES;
				"CODE_SIGN_IDENTITY[sdk=iphoneos*]" = "iPhone Developer";
				COPY_PHASE_STRIP = NO;
				DEBUG_INFORMATION_FORMAT = "dwarf-with-dsym";
				ENABLE_NS_ASSERTIONS = NO;
				ENABLE_STRICT_OBJC_MSGSEND = YES;
				GCC_C_LANGUAGE_STANDARD = gnu99;
				GCC_NO_COMMON_BLOCKS = YES;
				GCC_WARN_64_TO_32_BIT_CONVERSION = YES;
				GCC_WARN_ABOUT_RETURN_TYPE = YES_ERROR;
				GCC_WARN_UNDECLARED_SELECTOR = YES;
				GCC_WARN_UNINITIALIZED_AUTOS = YES_AGGRESSIVE;
				GCC_WARN_UNUSED_FUNCTION = YES;
				GCC_WARN_UNUSED_VARIABLE = YES;
				IPHONEOS_DEPLOYMENT_TARGET = 10.3;
				MTL_ENABLE_DEBUG_INFO = NO;
				SDKROOT = iphoneos;
				SWIFT_OPTIMIZATION_LEVEL = "-Owholemodule";
				TARGETED_DEVICE_FAMILY = "1,2";
				VALIDATE_PRODUCT = YES;
			};
			name = Release;
		};
		A1525FFC1EA7387700B580A7 /* Debug */ = {
			isa = XCBuildConfiguration;
			baseConfigurationReference = F28E9CA44ADDB0610AAA1F0A /* Pods-PasswordVault.debug.xcconfig */;
			buildSettings = {
				ASSETCATALOG_COMPILER_APPICON_NAME = AppIcon;
				DEVELOPMENT_TEAM = ZW2TP8ZGB7;
				FRAMEWORK_SEARCH_PATHS = "$(inherited)";
				INFOPLIST_FILE = PasswordVault/Info.plist;
				IPHONEOS_DEPLOYMENT_TARGET = 9.0;
				LD_RUNPATH_SEARCH_PATHS = "$(inherited) @executable_path/Frameworks";
				PRODUCT_BUNDLE_IDENTIFIER = co.blustor.passwordvault;
				PRODUCT_NAME = "$(TARGET_NAME)";
				SWIFT_OBJC_BRIDGING_HEADER = "PasswordVault/PasswordVault-Bridging-Header.h";
				SWIFT_VERSION = 3.0;
			};
			name = Debug;
		};
		A1525FFD1EA7387700B580A7 /* Release */ = {
			isa = XCBuildConfiguration;
			baseConfigurationReference = 77EC5FF53369F9C60CA7F160 /* Pods-PasswordVault.release.xcconfig */;
			buildSettings = {
				ASSETCATALOG_COMPILER_APPICON_NAME = AppIcon;
				DEVELOPMENT_TEAM = ZW2TP8ZGB7;
				FRAMEWORK_SEARCH_PATHS = "$(inherited)";
				INFOPLIST_FILE = PasswordVault/Info.plist;
				IPHONEOS_DEPLOYMENT_TARGET = 9.0;
				LD_RUNPATH_SEARCH_PATHS = "$(inherited) @executable_path/Frameworks";
				PRODUCT_BUNDLE_IDENTIFIER = co.blustor.passwordvault;
				PRODUCT_NAME = "$(TARGET_NAME)";
				SWIFT_OBJC_BRIDGING_HEADER = "PasswordVault/PasswordVault-Bridging-Header.h";
				SWIFT_VERSION = 3.0;
			};
			name = Release;
		};
		A1525FFF1EA7387700B580A7 /* Debug */ = {
			isa = XCBuildConfiguration;
			baseConfigurationReference = A916743BCAF1E736CD018ECA /* Pods-PasswordVaultTests.debug.xcconfig */;
			buildSettings = {
				ALWAYS_EMBED_SWIFT_STANDARD_LIBRARIES = YES;
				BUNDLE_LOADER = "$(TEST_HOST)";
				DEVELOPMENT_TEAM = ZW2TP8ZGB7;
				INFOPLIST_FILE = PasswordVaultTests/Info.plist;
				LD_RUNPATH_SEARCH_PATHS = "$(inherited) @executable_path/Frameworks @loader_path/Frameworks";
				PRODUCT_BUNDLE_IDENTIFIER = co.blustor.PasswordVaultTests;
				PRODUCT_NAME = "$(TARGET_NAME)";
				SWIFT_VERSION = 3.0;
				TEST_HOST = "$(BUILT_PRODUCTS_DIR)/PasswordVault.app/PasswordVault";
			};
			name = Debug;
		};
		A15260001EA7387700B580A7 /* Release */ = {
			isa = XCBuildConfiguration;
			baseConfigurationReference = 5F900F1810E8D9B00166AF83 /* Pods-PasswordVaultTests.release.xcconfig */;
			buildSettings = {
				ALWAYS_EMBED_SWIFT_STANDARD_LIBRARIES = YES;
				BUNDLE_LOADER = "$(TEST_HOST)";
				DEVELOPMENT_TEAM = ZW2TP8ZGB7;
				INFOPLIST_FILE = PasswordVaultTests/Info.plist;
				LD_RUNPATH_SEARCH_PATHS = "$(inherited) @executable_path/Frameworks @loader_path/Frameworks";
				PRODUCT_BUNDLE_IDENTIFIER = co.blustor.PasswordVaultTests;
				PRODUCT_NAME = "$(TARGET_NAME)";
				SWIFT_VERSION = 3.0;
				TEST_HOST = "$(BUILT_PRODUCTS_DIR)/PasswordVault.app/PasswordVault";
			};
			name = Release;
		};
		A15260021EA7387700B580A7 /* Debug */ = {
			isa = XCBuildConfiguration;
			baseConfigurationReference = 45A5844A35B16F2DE8C38F90 /* Pods-PasswordVaultUITests.debug.xcconfig */;
			buildSettings = {
				ALWAYS_EMBED_SWIFT_STANDARD_LIBRARIES = YES;
				DEVELOPMENT_TEAM = ZW2TP8ZGB7;
				INFOPLIST_FILE = PasswordVaultUITests/Info.plist;
				LD_RUNPATH_SEARCH_PATHS = "$(inherited) @executable_path/Frameworks @loader_path/Frameworks";
				PRODUCT_BUNDLE_IDENTIFIER = co.blustor.PasswordVaultUITests;
				PRODUCT_NAME = "$(TARGET_NAME)";
				SWIFT_VERSION = 3.0;
				TEST_TARGET_NAME = PasswordVault;
			};
			name = Debug;
		};
		A15260031EA7387700B580A7 /* Release */ = {
			isa = XCBuildConfiguration;
			baseConfigurationReference = A96BCEC97F468D7738E5202F /* Pods-PasswordVaultUITests.release.xcconfig */;
			buildSettings = {
				ALWAYS_EMBED_SWIFT_STANDARD_LIBRARIES = YES;
				DEVELOPMENT_TEAM = ZW2TP8ZGB7;
				INFOPLIST_FILE = PasswordVaultUITests/Info.plist;
				LD_RUNPATH_SEARCH_PATHS = "$(inherited) @executable_path/Frameworks @loader_path/Frameworks";
				PRODUCT_BUNDLE_IDENTIFIER = co.blustor.PasswordVaultUITests;
				PRODUCT_NAME = "$(TARGET_NAME)";
				SWIFT_VERSION = 3.0;
				TEST_TARGET_NAME = PasswordVault;
			};
			name = Release;
		};
/* End XCBuildConfiguration section */

/* Begin XCConfigurationList section */
		A1525FCE1EA7387700B580A7 /* Build configuration list for PBXProject "PasswordVault" */ = {
			isa = XCConfigurationList;
			buildConfigurations = (
				A1525FF91EA7387700B580A7 /* Debug */,
				A1525FFA1EA7387700B580A7 /* Release */,
			);
			defaultConfigurationIsVisible = 0;
			defaultConfigurationName = Release;
		};
		A1525FFB1EA7387700B580A7 /* Build configuration list for PBXNativeTarget "PasswordVault" */ = {
			isa = XCConfigurationList;
			buildConfigurations = (
				A1525FFC1EA7387700B580A7 /* Debug */,
				A1525FFD1EA7387700B580A7 /* Release */,
			);
			defaultConfigurationIsVisible = 0;
			defaultConfigurationName = Release;
		};
		A1525FFE1EA7387700B580A7 /* Build configuration list for PBXNativeTarget "PasswordVaultTests" */ = {
			isa = XCConfigurationList;
			buildConfigurations = (
				A1525FFF1EA7387700B580A7 /* Debug */,
				A15260001EA7387700B580A7 /* Release */,
			);
			defaultConfigurationIsVisible = 0;
			defaultConfigurationName = Release;
		};
		A15260011EA7387700B580A7 /* Build configuration list for PBXNativeTarget "PasswordVaultUITests" */ = {
			isa = XCConfigurationList;
			buildConfigurations = (
				A15260021EA7387700B580A7 /* Debug */,
				A15260031EA7387700B580A7 /* Release */,
			);
			defaultConfigurationIsVisible = 0;
			defaultConfigurationName = Release;
		};
/* End XCConfigurationList section */
	};
	rootObject = A1525FCB1EA7387700B580A7 /* Project object */;
}
